dependencies:
- name: postgresql
  repository: oci://registry-1.docker.io/bitnamicharts
  version: 16.6.3
- name: redis
  repository: oci://registry-1.docker.io/bitnamicharts
  version: 20.11.5
- name: authentik-remote-cluster
  repository: https://charts.goauthentik.io
  version: 2.1.0
digest: sha256:27afb6cf3e595d3cf289298f6c58c9c7e505eb55184847e177ad6f1639c6ef87
generated: "2025-04-30T13:06:36.775663307Z"
